// !$*UTF8*$!
{
	archiveVersion = 1;
	classes = {
	};
	objectVersion = 46;
	objects = {

/* Begin PBXBuildFile section */
		8D1120861AB8F1820009F7BD /* DetalheLivroViewController.swift in Sources */ = {isa = PBXBuildFile; fileRef = 8D1120851AB8F1820009F7BD /* DetalheLivroViewController.swift */; };
		8D11208A1AB909200009F7BD /* FilmeTableViewController.swift in Sources */ = {isa = PBXBuildFile; fileRef = 8D1120891AB909200009F7BD /* FilmeTableViewController.swift */; };
		8D11208C1AB90CDE0009F7BD /* DetalheFilmeViewController.swift in Sources */ = {isa = PBXBuildFile; fileRef = 8D11208B1AB90CDE0009F7BD /* DetalheFilmeViewController.swift */; };
		8D2BA9BB1AB8E36400600665 /* AppDelegate.swift in Sources */ = {isa = PBXBuildFile; fileRef = 8D2BA9BA1AB8E36400600665 /* AppDelegate.swift */; };
		8D2BA9C01AB8E36400600665 /* Main.storyboard in Resources */ = {isa = PBXBuildFile; fileRef = 8D2BA9BE1AB8E36400600665 /* Main.storyboard */; };
		8D2BA9C21AB8E36500600665 /* Images.xcassets in Resources */ = {isa = PBXBuildFile; fileRef = 8D2BA9C11AB8E36500600665 /* Images.xcassets */; };
		8D2BA9C51AB8E36500600665 /* LaunchScreen.xib in Resources */ = {isa = PBXBuildFile; fileRef = 8D2BA9C31AB8E36500600665 /* LaunchScreen.xib */; };
		8D2BA9D11AB8E36500600665 /* BibliotecaTests.swift in Sources */ = {isa = PBXBuildFile; fileRef = 8D2BA9D01AB8E36500600665 /* BibliotecaTests.swift */; };
		8D2BA9DB1AB8E51200600665 /* LivrosViewController.swift in Sources */ = {isa = PBXBuildFile; fileRef = 8D2BA9DA1AB8E51200600665 /* LivrosViewController.swift */; };
/* End PBXBuildFile section */

/* Begin PBXContainerItemProxy section */
		8D2BA9CB1AB8E36500600665 /* PBXContainerItemProxy */ = {
			isa = PBXContainerItemProxy;
			containerPortal = 8D2BA9AD1AB8E36400600665 /* Project object */;
			proxyType = 1;
			remoteGlobalIDString = 8D2BA9B41AB8E36400600665;
			remoteInfo = Biblioteca;
		};
/* End PBXContainerItemProxy section */

/* Begin PBXFileReference section */
		8D1120851AB8F1820009F7BD /* DetalheLivroViewController.swift */ = {isa = PBXFileReference; fileEncoding = 4; lastKnownFileType = sourcecode.swift; path = DetalheLivroViewController.swift; sourceTree = "<group>"; };
		8D1120891AB909200009F7BD /* FilmeTableViewController.swift */ = {isa = PBXFileReference; fileEncoding = 4; lastKnownFileType = sourcecode.swift; path = FilmeTableViewController.swift; sourceTree = "<group>"; };
		8D11208B1AB90CDE0009F7BD /* DetalheFilmeViewController.swift */ = {isa = PBXFileReference; fileEncoding = 4; lastKnownFileType = sourcecode.swift; path = DetalheFilmeViewController.swift; sourceTree = "<group>"; };
		8D2BA9B51AB8E36400600665 /* Biblioteca.app */ = {isa = PBXFileReference; explicitFileType = wrapper.application; includeInIndex = 0; path = Biblioteca.app; sourceTree = BUILT_PRODUCTS_DIR; };
		8D2BA9B91AB8E36400600665 /* Info.plist */ = {isa = PBXFileReference; lastKnownFileType = text.plist.xml; path = Info.plist; sourceTree = "<group>"; };
		8D2BA9BA1AB8E36400600665 /* AppDelegate.swift */ = {isa = PBXFileReference; lastKnownFileType = sourcecode.swift; path = AppDelegate.swift; sourceTree = "<group>"; };
		8D2BA9BF1AB8E36400600665 /* Base */ = {isa = PBXFileReference; lastKnownFileType = file.storyboard; name = Base; path = Base.lproj/Main.storyboard; sourceTree = "<group>"; };
		8D2BA9C11AB8E36500600665 /* Images.xcassets */ = {isa = PBXFileReference; lastKnownFileType = folder.assetcatalog; path = Images.xcassets; sourceTree = "<group>"; };
		8D2BA9C41AB8E36500600665 /* Base */ = {isa = PBXFileReference; lastKnownFileType = file.xib; name = Base; path = Base.lproj/LaunchScreen.xib; sourceTree = "<group>"; };
		8D2BA9CA1AB8E36500600665 /* BibliotecaTests.xctest */ = {isa = PBXFileReference; explicitFileType = wrapper.cfbundle; includeInIndex = 0; path = BibliotecaTests.xctest; sourceTree = BUILT_PRODUCTS_DIR; };
		8D2BA9CF1AB8E36500600665 /* Info.plist */ = {isa = PBXFileReference; lastKnownFileType = text.plist.xml; path = Info.plist; sourceTree = "<group>"; };
		8D2BA9D01AB8E36500600665 /* BibliotecaTests.swift */ = {isa = PBXFileReference; lastKnownFileType = sourcecode.swift; path = BibliotecaTests.swift; sourceTree = "<group>"; };
		8D2BA9DA1AB8E51200600665 /* LivrosViewController.swift */ = {isa = PBXFileReference; fileEncoding = 4; lastKnownFileType = sourcecode.swift; path = LivrosViewController.swift; sourceTree = "<group>"; };
/* End PBXFileReference section */

/* Begin PBXFrameworksBuildPhase section */
		8D2BA9B21AB8E36400600665 /* Frameworks */ = {
			isa = PBXFrameworksBuildPhase;
			buildActionMask = 2147483647;
			files = (
			);
			runOnlyForDeploymentPostprocessing = 0;
		};
		8D2BA9C71AB8E36500600665 /* Frameworks */ = {
			isa = PBXFrameworksBuildPhase;
			buildActionMask = 2147483647;
			files = (
			);
			runOnlyForDeploymentPostprocessing = 0;
		};
/* End PBXFrameworksBuildPhase section */

/* Begin PBXGroup section */
		8D2BA9AC1AB8E36400600665 = {
			isa = PBXGroup;
			children = (
				8D2BA9B71AB8E36400600665 /* Biblioteca */,
				8D2BA9CD1AB8E36500600665 /* BibliotecaTests */,
				8D2BA9B61AB8E36400600665 /* Products */,
			);
			sourceTree = "<group>";
		};
		8D2BA9B61AB8E36400600665 /* Products */ = {
			isa = PBXGroup;
			children = (
				8D2BA9B51AB8E36400600665 /* Biblioteca.app */,
				8D2BA9CA1AB8E36500600665 /* BibliotecaTests.xctest */,
			);
			name = Products;
			sourceTree = "<group>";
		};
		8D2BA9B71AB8E36400600665 /* Biblioteca */ = {
			isa = PBXGroup;
			children = (
				8D2BA9BA1AB8E36400600665 /* AppDelegate.swift */,
				8D2BA9DA1AB8E51200600665 /* LivrosViewController.swift */,
				8D1120851AB8F1820009F7BD /* DetalheLivroViewController.swift */,
				8D1120891AB909200009F7BD /* FilmeTableViewController.swift */,
				8D11208B1AB90CDE0009F7BD /* DetalheFilmeViewController.swift */,
				8D2BA9BE1AB8E36400600665 /* Main.storyboard */,
				8D2BA9C11AB8E36500600665 /* Images.xcassets */,
				8D2BA9C31AB8E36500600665 /* LaunchScreen.xib */,
				8D2BA9B81AB8E36400600665 /* Supporting Files */,
			);
			path = Biblioteca;
			sourceTree = "<group>";
		};
		8D2BA9B81AB8E36400600665 /* Supporting Files */ = {
			isa = PBXGroup;
			children = (
				8D2BA9B91AB8E36400600665 /* Info.plist */,
			);
			name = "Supporting Files";
			sourceTree = "<group>";
		};
		8D2BA9CD1AB8E36500600665 /* BibliotecaTests */ = {
			isa = PBXGroup;
			children = (
				8D2BA9D01AB8E36500600665 /* BibliotecaTests.swift */,
				8D2BA9CE1AB8E36500600665 /* Supporting Files */,
			);
			path = BibliotecaTests;
			sourceTree = "<group>";
		};
		8D2BA9CE1AB8E36500600665 /* Supporting Files */ = {
			isa = PBXGroup;
			children = (
				8D2BA9CF1AB8E36500600665 /* Info.plist */,
			);
			name = "Supporting Files";
			sourceTree = "<group>";
		};
/* End PBXGroup section */

/* Begin PBXNativeTarget section */
		8D2BA9B41AB8E36400600665 /* Biblioteca */ = {
			isa = PBXNativeTarget;
			buildConfigurationList = 8D2BA9D41AB8E36500600665 /* Build configuration list for PBXNativeTarget "Biblioteca" */;
			buildPhases = (
				8D2BA9B11AB8E36400600665 /* Sources */,
				8D2BA9B21AB8E36400600665 /* Frameworks */,
				8D2BA9B31AB8E36400600665 /* Resources */,
			);
			buildRules = (
			);
			dependencies = (
			);
			name = Biblioteca;
			productName = Biblioteca;
			productReference = 8D2BA9B51AB8E36400600665 /* Biblioteca.app */;
			productType = "com.apple.product-type.application";
		};
		8D2BA9C91AB8E36500600665 /* BibliotecaTests */ = {
			isa = PBXNativeTarget;
			buildConfigurationList = 8D2BA9D71AB8E36500600665 /* Build configuration list for PBXNativeTarget "BibliotecaTests" */;
			buildPhases = (
				8D2BA9C61AB8E36500600665 /* Sources */,
				8D2BA9C71AB8E36500600665 /* Frameworks */,
				8D2BA9C81AB8E36500600665 /* Resources */,
			);
			buildRules = (
			);
			dependencies = (
				8D2BA9CC1AB8E36500600665 /* PBXTargetDependency */,
			);
			name = BibliotecaTests;
			productName = BibliotecaTests;
			productReference = 8D2BA9CA1AB8E36500600665 /* BibliotecaTests.xctest */;
			productType = "com.apple.product-type.bundle.unit-test";
		};
/* End PBXNativeTarget section */

/* Begin PBXProject section */
		8D2BA9AD1AB8E36400600665 /* Project object */ = {
			isa = PBXProject;
			attributes = {
				LastUpgradeCheck = 0620;
				ORGANIZATIONNAME = "Fellas Group";
				TargetAttributes = {
					8D2BA9B41AB8E36400600665 = {
						CreatedOnToolsVersion = 6.2;
					};
					8D2BA9C91AB8E36500600665 = {
						CreatedOnToolsVersion = 6.2;
						TestTargetID = 8D2BA9B41AB8E36400600665;
					};
				};
			};
			buildConfigurationList = 8D2BA9B01AB8E36400600665 /* Build configuration list for PBXProject "Biblioteca" */;
			compatibilityVersion = "Xcode 3.2";
			developmentRegion = English;
			hasScannedForEncodings = 0;
			knownRegions = (
				en,
				Base,
			);
			mainGroup = 8D2BA9AC1AB8E36400600665;
			productRefGroup = 8D2BA9B61AB8E36400600665 /* Products */;
			projectDirPath = "";
			projectRoot = "";
			targets = (
				8D2BA9B41AB8E36400600665 /* Biblioteca */,
				8D2BA9C91AB8E36500600665 /* BibliotecaTests */,
			);
		};
/* End PBXProject section */

/* Begin PBXResourcesBuildPhase section */
		8D2BA9B31AB8E36400600665 /* Resources */ = {
			isa = PBXResourcesBuildPhase;
			buildActionMask = 2147483647;
			files = (
				8D2BA9C01AB8E36400600665 /* Main.storyboard in Resources */,
				8D2BA9C51AB8E36500600665 /* LaunchScreen.xib in Resources */,
				8D2BA9C21AB8E36500600665 /* Images.xcassets in Resources */,
			);
			runOnlyForDeploymentPostprocessing = 0;
		};
		8D2BA9C81AB8E36500600665 /* Resources */ = {
			isa = PBXResourcesBuildPhase;
			buildActionMask = 2147483647;
			files = (
			);
			runOnlyForDeploymentPostprocessing = 0;
		};
/* End PBXResourcesBuildPhase section */

/* Begin PBXSourcesBuildPhase section */
		8D2BA9B11AB8E36400600665 /* Sources */ = {
			isa = PBXSourcesBuildPhase;
			buildActionMask = 2147483647;
			files = (
				8D11208A1AB909200009F7BD /* FilmeTableViewController.swift in Sources */,
				8D1120861AB8F1820009F7BD /* DetalheLivroViewController.swift in Sources */,
				8D11208C1AB90CDE0009F7BD /* DetalheFilmeViewController.swift in Sources */,
				8D2BA9BB1AB8E36400600665 /* AppDelegate.swift in Sources */,
				8D2BA9DB1AB8E51200600665 /* LivrosViewController.swift in Sources */,
			);
			runOnlyForDeploymentPostprocessing = 0;
		};
		8D2BA9C61AB8E36500600665 /* Sources */ = {
			isa = PBXSourcesBuildPhase;
			buildActionMask = 2147483647;
			files = (
				8D2BA9D11AB8E36500600665 /* BibliotecaTests.swift in Sources */,
			);
			runOnlyForDeploymentPostprocessing = 0;
		};
/* End PBXSourcesBuildPhase section */

/* Begin PBXTargetDependency section */
		8D2BA9CC1AB8E36500600665 /* PBXTargetDependency */ = {
			isa = PBXTargetDependency;
			target = 8D2BA9B41AB8E36400600665 /* Biblioteca */;
			targetProxy = 8D2BA9CB1AB8E36500600665 /* PBXContainerItemProxy */;
		};
/* End PBXTargetDependency section */

/* Begin PBXVariantGroup section */
		8D2BA9BE1AB8E36400600665 /* Main.storyboard */ = {
			isa = PBXVariantGroup;
			children = (
				8D2BA9BF1AB8E36400600665 /* Base */,
			);
			name = Main.storyboard;
			sourceTree = "<group>";
		};
		8D2BA9C31AB8E36500600665 /* LaunchScreen.xib */ = {
			isa = PBXVariantGroup;
			children = (
				8D2BA9C41AB8E36500600665 /* Base */,
			);
			name = LaunchScreen.xib;
			sourceTree = "<group>";
		};
/* End PBXVariantGroup section */

/* Begin XCBuildConfiguration section */
		8D2BA9D21AB8E36500600665 /* Debug */ = {
			isa = XCBuildConfiguration;
			buildSettings = {
				ALWAYS_SEARCH_USER_PATHS = NO;
				CLANG_CXX_LANGUAGE_STANDARD = "gnu++0x";
				CLANG_CXX_LIBRARY = "libc++";
				CLANG_ENABLE_MODULES = YES;
				CLANG_ENABLE_OBJC_ARC = YES;
				CLANG_WARN_BOOL_CONVERSION = YES;
				CLANG_WARN_CONSTANT_CONVERSION = YES;
				CLANG_WARN_DIRECT_OBJC_ISA_USAGE = YES_ERROR;
				CLANG_WARN_EMPTY_BODY = YES;
				CLANG_WARN_ENUM_CONVERSION = YES;
				CLANG_WARN_INT_CONVERSION = YES;
				CLANG_WARN_OBJC_ROOT_CLASS = YES_ERROR;
				CLANG_WARN_UNREACHABLE_CODE = YES;
				CLANG_WARN__DUPLICATE_METHOD_MATCH = YES;
				"CODE_SIGN_IDENTITY[sdk=iphoneos*]" = "iPhone Developer";
				COPY_PHASE_STRIP = NO;
				ENABLE_STRICT_OBJC_MSGSEND = YES;
				GCC_C_LANGUAGE_STANDARD = gnu99;
				GCC_DYNAMIC_NO_PIC = NO;
				GCC_OPTIMIZATION_LEVEL = 0;
				GCC_PREPROCESSOR_DEFINITIONS = (
					"DEBUG=1",
					"$(inherited)",
				);
				GCC_SYMBOLS_PRIVATE_EXTERN = NO;
				GCC_WARN_64_TO_32_BIT_CONVERSION = YES;
				GCC_WARN_ABOUT_RETURN_TYPE = YES_ERROR;
				GCC_WARN_UNDECLARED_SELECTOR = YES;
				GCC_WARN_UNINITIALIZED_AUTOS = YES_AGGRESSIVE;
				GCC_WARN_UNUSED_FUNCTION = YES;
				GCC_WARN_UNUSED_VARIABLE = YES;
				IPHONEOS_DEPLOYMENT_TARGET = 8.2;
				MTL_ENABLE_DEBUG_INFO = YES;
				ONLY_ACTIVE_ARCH = YES;
				SDKROOT = iphoneos;
				SWIFT_OPTIMIZATION_LEVEL = "-Onone";
			};
			name = Debug;
		};
		8D2BA9D31AB8E36500600665 /* Release */ = {
			isa = XCBuildConfiguration;
			buildSettings = {
				ALWAYS_SEARCH_USER_PATHS = NO;
				CLANG_CXX_LANGUAGE_STANDARD = "gnu++0x";
				CLANG_CXX_LIBRARY = "libc++";
				CLANG_ENABLE_MODULES = YES;
				CLANG_ENABLE_OBJC_ARC = YES;
				CLANG_WARN_BOOL_CONVERSION = YES;
				CLANG_WARN_CONSTANT_CONVERSION = YES;
				CLANG_WARN_DIRECT_OBJC_ISA_USAGE = YES_ERROR;
				CLANG_WARN_EMPTY_BODY = YES;
				CLANG_WARN_ENUM_CONVERSION = YES;
				CLANG_WARN_INT_CONVERSION = YES;
				CLANG_WARN_OBJC_ROOT_CLASS = YES_ERROR;
				CLANG_WARN_UNREACHABLE_CODE = YES;
				CLANG_WARN__DUPLICATE_METHOD_MATCH = YES;
				"CODE_SIGN_IDENTITY[sdk=iphoneos*]" = "iPhone Developer";
				COPY_PHASE_STRIP = NO;
				ENABLE_NS_ASSERTIONS = NO;
				ENABLE_STRICT_OBJC_MSGSEND = YES;
				GCC_C_LANGUAGE_STANDARD = gnu99;
				GCC_WARN_64_TO_32_BIT_CONVERSION = YES;
				GCC_WARN_ABOUT_RETURN_TYPE = YES_ERROR;
				GCC_WARN_UNDECLARED_SELECTOR = YES;
				GCC_WARN_UNINITIALIZED_AUTOS = YES_AGGRESSIVE;
				GCC_WARN_UNUSED_FUNCTION = YES;
				GCC_WARN_UNUSED_VARIABLE = YES;
				IPHONEOS_DEPLOYMENT_TARGET = 8.2;
				MTL_ENABLE_DEBUG_INFO = NO;
				SDKROOT = iphoneos;
				VALIDATE_PRODUCT = YES;
			};
			name = Release;
		};
		8D2BA9D51AB8E36500600665 /* Debug */ = {
			isa = XCBuildConfiguration;
			buildSettings = {
				ASSETCATALOG_COMPILER_APPICON_NAME = AppIcon;
				INFOPLIST_FILE = Biblioteca/Info.plist;
				LD_RUNPATH_SEARCH_PATHS = "$(inherited) @executable_path/Frameworks";
				PRODUCT_NAME = "$(TARGET_NAME)";
			};
			name = Debug;
		};
		8D2BA9D61AB8E36500600665 /* Release */ = {
			isa = XCBuildConfiguration;
			buildSettings = {
				ASSETCATALOG_COMPILER_APPICON_NAME = AppIcon;
				INFOPLIST_FILE = Biblioteca/Info.plist;
				LD_RUNPATH_SEARCH_PATHS = "$(inherited) @executable_path/Frameworks";
				PRODUCT_NAME = "$(TARGET_NAME)";
			};
			name = Release;
		};
		8D2BA9D81AB8E36500600665 /* Debug */ = {
			isa = XCBuildConfiguration;
			buildSettings = {
				BUNDLE_LOADER = "$(TEST_HOST)";
				FRAMEWORK_SEARCH_PATHS = (
					"$(SDKROOT)/Developer/Library/Frameworks",
					"$(inherited)",
				);
				GCC_PREPROCESSOR_DEFINITIONS = (
					"DEBUG=1",
					"$(inherited)",
				);
				INFOPLIST_FILE = BibliotecaTests/Info.plist;
				LD_RUNPATH_SEARCH_PATHS = "$(inherited) @executable_path/Frameworks @loader_path/Frameworks";
				PRODUCT_NAME = "$(TARGET_NAME)";
				TEST_HOST = "$(BUILT_PRODUCTS_DIR)/Biblioteca.app/Biblioteca";
			};
			name = Debug;
		};
		8D2BA9D91AB8E36500600665 /* Release */ = {
			isa = XCBuildConfiguration;
			buildSettings = {
				BUNDLE_LOADER = "$(TEST_HOST)";
				FRAMEWORK_SEARCH_PATHS = (
					"$(SDKROOT)/Developer/Library/Frameworks",
					"$(inherited)",
				);
				INFOPLIST_FILE = BibliotecaTests/Info.plist;
				LD_RUNPATH_SEARCH_PATHS = "$(inherited) @executable_path/Frameworks @loader_path/Frameworks";
				PRODUCT_NAME = "$(TARGET_NAME)";
				TEST_HOST = "$(BUILT_PRODUCTS_DIR)/Biblioteca.app/Biblioteca";
			};
			name = Release;
		};
/* End XCBuildConfiguration section */

/* Begin XCConfigurationList section */
		8D2BA9B01AB8E36400600665 /* Build configuration list for PBXProject "Biblioteca" */ = {
			isa = XCConfigurationList;
			buildConfigurations = (
				8D2BA9D21AB8E36500600665 /* Debug */,
				8D2BA9D31AB8E36500600665 /* Release */,
			);
			defaultConfigurationIsVisible = 0;
			defaultConfigurationName = Release;
		};
		8D2BA9D41AB8E36500600665 /* Build configuration list for PBXNativeTarget "Biblioteca" */ = {
			isa = XCConfigurationList;
			buildConfigurations = (
				8D2BA9D51AB8E36500600665 /* Debug */,
				8D2BA9D61AB8E36500600665 /* Release */,
			);
			defaultConfigurationIsVisible = 0;
			defaultConfigurationName = Release;
		};
		8D2BA9D71AB8E36500600665 /* Build configuration list for PBXNativeTarget "BibliotecaTests" */ = {
			isa = XCConfigurationList;
			buildConfigurations = (
				8D2BA9D81AB8E36500600665 /* Debug */,
				8D2BA9D91AB8E36500600665 /* Release */,
			);
			defaultConfigurationIsVisible = 0;
			defaultConfigurationName = Release;
		};
/* End XCConfigurationList section */
	};
	rootObject = 8D2BA9AD1AB8E36400600665 /* Project object */;
}
